
Microsoft Visual Studio Solution File, Format Version 12.00
# Visual Studio 14
VisualStudioVersion = 14.0.23107.0
MinimumVisualStudioVersion = 10.0.40219.1
Project("{FAE04EC0-301F-11D3-BF4B-00C04F79EFBC}") = "Proj_11", "Proj_11\Proj_11.csproj", "{CCB3F039-81DB-410B-9C1B-0B861AB495C0}"
EndProject
Global
	GlobalSection(SolutionConfigurationPlatforms) = preSolution
		Debug|Any CPU = Debug|Any CPU
		Release|Any CPU = Release|Any CPU
	EndGlobalSection
	GlobalSection(ProjectConfigurationPlatforms) = postSolution
		{CCB3F039-81DB-410B-9C1B-0B861AB495C0}.Debug|Any CPU.ActiveCfg = Debug|Any CPU
		{CCB3F039-81DB-410B-9C1B-0B861AB495C0}.Debug|Any CPU.Build.0 = Debug|Any CPU
		{CCB3F039-81DB-410B-9C1B-0B861AB495C0}.Release|Any CPU.ActiveCfg = Release|Any CPU
		{CCB3F039-81DB-410B-9C1B-0B861AB495C0}.Release|Any CPU.Build.0 = Release|Any CPU
	EndGlobalSection
	GlobalSection(SolutionProperties) = preSolution
		HideSolutionNode = FALSE
	EndGlobalSection
EndGlobal
